
Microsoft Visual Studio Solution File, Format Version 12.00
# Visual Studio 15
Project("{FAE04EC0-301F-11D3-BF4B-00C04F79EFBC}") = "Assembly-CSharp", "Assembly-CSharp.csproj", "{9532A73B-1123-1068-0DB4-94885181A15A}"
EndProject
Project("{FAE04EC0-301F-11D3-BF4B-00C04F79EFBC}") = "Assembly-CSharp-Editor", "Assembly-CSharp-Editor.csproj", "{73F76957-DA55-5E8D-3BC7-FEC36E4C2834}"
EndProject
Global
	GlobalSection(SolutionConfigurationPlatforms) = preSolution
		Debug|Any CPU = Debug|Any CPU
		Release|Any CPU = Release|Any CPU
	EndGlobalSection
	GlobalSection(ProjectConfigurationPlatforms) = postSolution
		{9532A73B-1123-1068-0DB4-94885181A15A}.Debug|Any CPU.ActiveCfg = Debug|Any CPU
		{9532A73B-1123-1068-0DB4-94885181A15A}.Debug|Any CPU.Build.0 = Debug|Any CPU
		{9532A73B-1123-1068-0DB4-94885181A15A}.Release|Any CPU.ActiveCfg = Release|Any CPU
		{9532A73B-1123-1068-0DB4-94885181A15A}.Release|Any CPU.Build.0 = Release|Any CPU
		{73F76957-DA55-5E8D-3BC7-FEC36E4C2834}.Debug|Any CPU.ActiveCfg = Debug|Any CPU
		{73F76957-DA55-5E8D-3BC7-FEC36E4C2834}.Debug|Any CPU.Build.0 = Debug|Any CPU
		{73F76957-DA55-5E8D-3BC7-FEC36E4C2834}.Release|Any CPU.ActiveCfg = Release|Any CPU
		{73F76957-DA55-5E8D-3BC7-FEC36E4C2834}.Release|Any CPU.Build.0 = Release|Any CPU
	EndGlobalSection
	GlobalSection(SolutionProperties) = preSolution
		HideSolutionNode = FALSE
	EndGlobalSection
EndGlobal
